
Microsoft Visual Studio Solution File, Format Version 12.00
Project("{FAE04EC0-301F-11D3-BF4B-00C04F79EFBC}") = "MarsRover.Console", "MarsRover.Console\MarsRover.Console.csproj", "{BCDBA42E-349B-44BB-8DF9-FAA879541CB1}"
EndProject
Project("{FAE04EC0-301F-11D3-BF4B-00C04F79EFBC}") = "MarsRover.Test", "MarsRover.Test\MarsRover.Test.csproj", "{7C54BEDF-5F7E-4D23-8934-D81B66E51553}"
EndProject
Global
	GlobalSection(SolutionConfigurationPlatforms) = preSolution
		Debug|Any CPU = Debug|Any CPU
		Release|Any CPU = Release|Any CPU
	EndGlobalSection
	GlobalSection(ProjectConfigurationPlatforms) = postSolution
		{BCDBA42E-349B-44BB-8DF9-FAA879541CB1}.Debug|Any CPU.ActiveCfg = Debug|Any CPU
		{BCDBA42E-349B-44BB-8DF9-FAA879541CB1}.Debug|Any CPU.Build.0 = Debug|Any CPU
		{BCDBA42E-349B-44BB-8DF9-FAA879541CB1}.Release|Any CPU.ActiveCfg = Release|Any CPU
		{BCDBA42E-349B-44BB-8DF9-FAA879541CB1}.Release|Any CPU.Build.0 = Release|Any CPU
		{7C54BEDF-5F7E-4D23-8934-D81B66E51553}.Debug|Any CPU.ActiveCfg = Debug|Any CPU
		{7C54BEDF-5F7E-4D23-8934-D81B66E51553}.Debug|Any CPU.Build.0 = Debug|Any CPU
		{7C54BEDF-5F7E-4D23-8934-D81B66E51553}.Release|Any CPU.ActiveCfg = Release|Any CPU
		{7C54BEDF-5F7E-4D23-8934-D81B66E51553}.Release|Any CPU.Build.0 = Release|Any CPU
	EndGlobalSection
EndGlobal
